
Microsoft Visual Studio Solution File, Format Version 12.00
# Visual Studio 15
VisualStudioVersion = 15.0.26730.16
MinimumVisualStudioVersion = 10.0.40219.1
Project("{FAE04EC0-301F-11D3-BF4B-00C04F79EFBC}") = "MappingBreakDown", "MappingBreakDown\MappingBreakDown.csproj", "{85299E5D-C955-464C-8B0B-E344C951C11A}"
EndProject
Project("{FAE04EC0-301F-11D3-BF4B-00C04F79EFBC}") = "HierarchicalGrid", "..\..\..\Desktop\שיט של אחרים\ערן ועידן\ערן לימודים\גיבוי פרויקט גמר\HierarchicalGrid\HierarchicalGrid.csproj", "{2EFE526F-79B3-49BC-9575-A7B258C59BB5}"
EndProject
Global
	GlobalSection(SolutionConfigurationPlatforms) = preSolution
		Debug|Any CPU = Debug|Any CPU
		Debug|x86 = Debug|x86
		Release|Any CPU = Release|Any CPU
		Release|x86 = Release|x86
	EndGlobalSection
	GlobalSection(ProjectConfigurationPlatforms) = postSolution
		{85299E5D-C955-464C-8B0B-E344C951C11A}.Debug|Any CPU.ActiveCfg = Debug|Any CPU
		{85299E5D-C955-464C-8B0B-E344C951C11A}.Debug|Any CPU.Build.0 = Debug|Any CPU
		{85299E5D-C955-464C-8B0B-E344C951C11A}.Debug|x86.ActiveCfg = Debug|Any CPU
		{85299E5D-C955-464C-8B0B-E344C951C11A}.Debug|x86.Build.0 = Debug|Any CPU
		{85299E5D-C955-464C-8B0B-E344C951C11A}.Release|Any CPU.ActiveCfg = Release|Any CPU
		{85299E5D-C955-464C-8B0B-E344C951C11A}.Release|Any CPU.Build.0 = Release|Any CPU
		{85299E5D-C955-464C-8B0B-E344C951C11A}.Release|x86.ActiveCfg = Release|Any CPU
		{85299E5D-C955-464C-8B0B-E344C951C11A}.Release|x86.Build.0 = Release|Any CPU
		{2EFE526F-79B3-49BC-9575-A7B258C59BB5}.Debug|Any CPU.ActiveCfg = Debug|Any CPU
		{2EFE526F-79B3-49BC-9575-A7B258C59BB5}.Debug|Any CPU.Build.0 = Debug|Any CPU
		{2EFE526F-79B3-49BC-9575-A7B258C59BB5}.Debug|x86.ActiveCfg = Debug|x86
		{2EFE526F-79B3-49BC-9575-A7B258C59BB5}.Debug|x86.Build.0 = Debug|x86
		{2EFE526F-79B3-49BC-9575-A7B258C59BB5}.Release|Any CPU.ActiveCfg = Release|Any CPU
		{2EFE526F-79B3-49BC-9575-A7B258C59BB5}.Release|Any CPU.Build.0 = Release|Any CPU
		{2EFE526F-79B3-49BC-9575-A7B258C59BB5}.Release|x86.ActiveCfg = Release|x86
		{2EFE526F-79B3-49BC-9575-A7B258C59BB5}.Release|x86.Build.0 = Release|x86
	EndGlobalSection
	GlobalSection(SolutionProperties) = preSolution
		HideSolutionNode = FALSE
	EndGlobalSection
	GlobalSection(ExtensibilityGlobals) = postSolution
		SolutionGuid = {B615180D-20A9-4F5E-8A07-74B7EC041DB6}
	EndGlobalSection
EndGlobal
